
Microsoft Visual Studio Solution File, Format Version 12.00
# Visual Studio Version 17
VisualStudioVersion = 17.4.33103.184
MinimumVisualStudioVersion = 10.0.40219.1
Project("{FAE04EC0-301F-11D3-BF4B-00C04F79EFBC}") = "HPlayer", "HPlayer\HPlayer.csproj", "{E52A998F-5268-42D2-A134-55609A1A5E97}"
EndProject
Global
	GlobalSection(SolutionConfigurationPlatforms) = preSolution
		Debug|Any CPU = Debug|Any CPU
		Debug|x64 = Debug|x64
		Release|Any CPU = Release|Any CPU
		Release|x64 = Release|x64
	EndGlobalSection
	GlobalSection(ProjectConfigurationPlatforms) = postSolution
		{E52A998F-5268-42D2-A134-55609A1A5E97}.Debug|Any CPU.ActiveCfg = Debug|Any CPU
		{E52A998F-5268-42D2-A134-55609A1A5E97}.Debug|Any CPU.Build.0 = Debug|Any CPU
		{E52A998F-5268-42D2-A134-55609A1A5E97}.Debug|x64.ActiveCfg = Debug|x64
		{E52A998F-5268-42D2-A134-55609A1A5E97}.Debug|x64.Build.0 = Debug|x64
		{E52A998F-5268-42D2-A134-55609A1A5E97}.Release|Any CPU.ActiveCfg = Release|Any CPU
		{E52A998F-5268-42D2-A134-55609A1A5E97}.Release|Any CPU.Build.0 = Release|Any CPU
		{E52A998F-5268-42D2-A134-55609A1A5E97}.Release|x64.ActiveCfg = Release|x64
		{E52A998F-5268-42D2-A134-55609A1A5E97}.Release|x64.Build.0 = Release|x64
	EndGlobalSection
	GlobalSection(SolutionProperties) = preSolution
		HideSolutionNode = FALSE
	EndGlobalSection
	GlobalSection(ExtensibilityGlobals) = postSolution
		SolutionGuid = {BA504704-9F85-4615-BE57-A58B834449AF}
	EndGlobalSection
EndGlobal
